
Microsoft Visual Studio Solution File, Format Version 12.00
# Visual Studio Version 16
VisualStudioVersion = 16.0.29411.108
MinimumVisualStudioVersion = 10.0.40219.1
Project("{FAE04EC0-301F-11D3-BF4B-00C04F79EFBC}") = "Source", "Source\Source.csproj", "{D150DA40-87DA-4A5B-B27C-1347E5E90251}"
EndProject
Global
	GlobalSection(SolutionConfigurationPlatforms) = preSolution
		Debug|Any CPU = Debug|Any CPU
		Release|Any CPU = Release|Any CPU
	EndGlobalSection
	GlobalSection(ProjectConfigurationPlatforms) = postSolution
		{D150DA40-87DA-4A5B-B27C-1347E5E90251}.Debug|Any CPU.ActiveCfg = Debug|Any CPU
		{D150DA40-87DA-4A5B-B27C-1347E5E90251}.Debug|Any CPU.Build.0 = Debug|Any CPU
		{D150DA40-87DA-4A5B-B27C-1347E5E90251}.Release|Any CPU.ActiveCfg = Release|Any CPU
		{D150DA40-87DA-4A5B-B27C-1347E5E90251}.Release|Any CPU.Build.0 = Release|Any CPU
	EndGlobalSection
	GlobalSection(SolutionProperties) = preSolution
		HideSolutionNode = FALSE
	EndGlobalSection
	GlobalSection(ExtensibilityGlobals) = postSolution
		SolutionGuid = {9D22FD5E-9BF0-4D92-943A-2EE93562696D}
	EndGlobalSection
EndGlobal
